// !$*UTF8*$!
{
	archiveVersion = 1;
	classes = {
	};
	objectVersion = 46;
	objects = {

/* Begin PBXBuildFile section */
		D0438CCA1BD6BA1100DCE3A6 /* AppDelegate.swift in Sources */ = {isa = PBXBuildFile; fileRef = D0438CC91BD6BA1100DCE3A6 /* AppDelegate.swift */; };
		D0438CCC1BD6BA1100DCE3A6 /* ViewController.swift in Sources */ = {isa = PBXBuildFile; fileRef = D0438CCB1BD6BA1100DCE3A6 /* ViewController.swift */; };
		D0438CCF1BD6BA1100DCE3A6 /* Main.storyboard in Resources */ = {isa = PBXBuildFile; fileRef = D0438CCD1BD6BA1100DCE3A6 /* Main.storyboard */; };
		D0438CD11BD6BA1100DCE3A6 /* Assets.xcassets in Resources */ = {isa = PBXBuildFile; fileRef = D0438CD01BD6BA1100DCE3A6 /* Assets.xcassets */; };
		D0438CD41BD6BA1100DCE3A6 /* LaunchScreen.storyboard in Resources */ = {isa = PBXBuildFile; fileRef = D0438CD21BD6BA1100DCE3A6 /* LaunchScreen.storyboard */; };
		D0438CE11BD6BA8600DCE3A6 /* Deck.swift in Sources */ = {isa = PBXBuildFile; fileRef = D0438CE01BD6BA8600DCE3A6 /* Deck.swift */; settings = {ASSET_TAGS = (); }; };
/* End PBXBuildFile section */

/* Begin PBXFileReference section */
		D0438CC61BD6BA1100DCE3A6 /* Range.app */ = {isa = PBXFileReference; explicitFileType = wrapper.application; includeInIndex = 0; path = Range.app; sourceTree = BUILT_PRODUCTS_DIR; };
		D0438CC91BD6BA1100DCE3A6 /* AppDelegate.swift */ = {isa = PBXFileReference; lastKnownFileType = sourcecode.swift; path = AppDelegate.swift; sourceTree = "<group>"; };
		D0438CCB1BD6BA1100DCE3A6 /* ViewController.swift */ = {isa = PBXFileReference; lastKnownFileType = sourcecode.swift; path = ViewController.swift; sourceTree = "<group>"; };
		D0438CCE1BD6BA1100DCE3A6 /* Base */ = {isa = PBXFileReference; lastKnownFileType = file.storyboard; name = Base; path = Base.lproj/Main.storyboard; sourceTree = "<group>"; };
		D0438CD01BD6BA1100DCE3A6 /* Assets.xcassets */ = {isa = PBXFileReference; lastKnownFileType = folder.assetcatalog; path = Assets.xcassets; sourceTree = "<group>"; };
		D0438CD31BD6BA1100DCE3A6 /* Base */ = {isa = PBXFileReference; lastKnownFileType = file.storyboard; name = Base; path = Base.lproj/LaunchScreen.storyboard; sourceTree = "<group>"; };
		D0438CD51BD6BA1100DCE3A6 /* Info.plist */ = {isa = PBXFileReference; lastKnownFileType = text.plist.xml; path = Info.plist; sourceTree = "<group>"; };
		D0438CE01BD6BA8600DCE3A6 /* Deck.swift */ = {isa = PBXFileReference; fileEncoding = 4; lastKnownFileType = sourcecode.swift; path = Deck.swift; sourceTree = "<group>"; };
/* End PBXFileReference section */

/* Begin PBXFrameworksBuildPhase section */
		D0438CC31BD6BA1100DCE3A6 /* Frameworks */ = {
			isa = PBXFrameworksBuildPhase;
			buildActionMask = 2147483647;
			files = (
			);
			runOnlyForDeploymentPostprocessing = 0;
		};
/* End PBXFrameworksBuildPhase section */

/* Begin PBXGroup section */
		D0438CBD1BD6BA1100DCE3A6 = {
			isa = PBXGroup;
			children = (
				D0438CC81BD6BA1100DCE3A6 /* Range */,
				D0438CC71BD6BA1100DCE3A6 /* Products */,
			);
			sourceTree = "<group>";
		};
		D0438CC71BD6BA1100DCE3A6 /* Products */ = {
			isa = PBXGroup;
			children = (
				D0438CC61BD6BA1100DCE3A6 /* Range.app */,
			);
			name = Products;
			sourceTree = "<group>";
		};
		D0438CC81BD6BA1100DCE3A6 /* Range */ = {
			isa = PBXGroup;
			children = (
				D0438CDF1BD6BA5D00DCE3A6 /* Utilites */,
				D0438CDE1BD6BA5500DCE3A6 /* Resources */,
				D0438CDD1BD6BA4B00DCE3A6 /* Model */,
				D0438CDC1BD6BA4300DCE3A6 /* View */,
				D0438CDB1BD6BA3900DCE3A6 /* Controller */,
				D0438CC91BD6BA1100DCE3A6 /* AppDelegate.swift */,
				D0438CCD1BD6BA1100DCE3A6 /* Main.storyboard */,
				D0438CD01BD6BA1100DCE3A6 /* Assets.xcassets */,
				D0438CD21BD6BA1100DCE3A6 /* LaunchScreen.storyboard */,
				D0438CD51BD6BA1100DCE3A6 /* Info.plist */,
			);
			path = Range;
			sourceTree = "<group>";
		};
		D0438CDB1BD6BA3900DCE3A6 /* Controller */ = {
			isa = PBXGroup;
			children = (
				D0438CCB1BD6BA1100DCE3A6 /* ViewController.swift */,
			);
			name = Controller;
			sourceTree = "<group>";
		};
		D0438CDC1BD6BA4300DCE3A6 /* View */ = {
			isa = PBXGroup;
			children = (
			);
			name = View;
			sourceTree = "<group>";
		};
		D0438CDD1BD6BA4B00DCE3A6 /* Model */ = {
			isa = PBXGroup;
			children = (
				D0438CE01BD6BA8600DCE3A6 /* Deck.swift */,
			);
			name = Model;
			sourceTree = "<group>";
		};
		D0438CDE1BD6BA5500DCE3A6 /* Resources */ = {
			isa = PBXGroup;
			children = (
			);
			name = Resources;
			sourceTree = "<group>";
		};
		D0438CDF1BD6BA5D00DCE3A6 /* Utilites */ = {
			isa = PBXGroup;
			children = (
			);
			name = Utilites;
			sourceTree = "<group>";
		};
/* End PBXGroup section */

/* Begin PBXNativeTarget section */
		D0438CC51BD6BA1100DCE3A6 /* Range */ = {
			isa = PBXNativeTarget;
			buildConfigurationList = D0438CD81BD6BA1100DCE3A6 /* Build configuration list for PBXNativeTarget "Range" */;
			buildPhases = (
				D0438CC21BD6BA1100DCE3A6 /* Sources */,
				D0438CC31BD6BA1100DCE3A6 /* Frameworks */,
				D0438CC41BD6BA1100DCE3A6 /* Resources */,
			);
			buildRules = (
			);
			dependencies = (
			);
			name = Range;
			productName = Range;
			productReference = D0438CC61BD6BA1100DCE3A6 /* Range.app */;
			productType = "com.apple.product-type.application";
		};
/* End PBXNativeTarget section */

/* Begin PBXProject section */
		D0438CBE1BD6BA1100DCE3A6 /* Project object */ = {
			isa = PBXProject;
			attributes = {
				LastUpgradeCheck = 0700;
				ORGANIZATIONNAME = "Justin Ferre";
				TargetAttributes = {
					D0438CC51BD6BA1100DCE3A6 = {
						CreatedOnToolsVersion = 7.0.1;
						DevelopmentTeam = DW2D48JLN6;
					};
				};
			};
			buildConfigurationList = D0438CC11BD6BA1100DCE3A6 /* Build configuration list for PBXProject "Range" */;
			compatibilityVersion = "Xcode 3.2";
			developmentRegion = English;
			hasScannedForEncodings = 0;
			knownRegions = (
				en,
				Base,
			);
			mainGroup = D0438CBD1BD6BA1100DCE3A6;
			productRefGroup = D0438CC71BD6BA1100DCE3A6 /* Products */;
			projectDirPath = "";
			projectRoot = "";
			targets = (
				D0438CC51BD6BA1100DCE3A6 /* Range */,
			);
		};
/* End PBXProject section */

/* Begin PBXResourcesBuildPhase section */
		D0438CC41BD6BA1100DCE3A6 /* Resources */ = {
			isa = PBXResourcesBuildPhase;
			buildActionMask = 2147483647;
			files = (
				D0438CD41BD6BA1100DCE3A6 /* LaunchScreen.storyboard in Resources */,
				D0438CD11BD6BA1100DCE3A6 /* Assets.xcassets in Resources */,
				D0438CCF1BD6BA1100DCE3A6 /* Main.storyboard in Resources */,
			);
			runOnlyForDeploymentPostprocessing = 0;
		};
/* End PBXResourcesBuildPhase section */

/* Begin PBXSourcesBuildPhase section */
		D0438CC21BD6BA1100DCE3A6 /* Sources */ = {
			isa = PBXSourcesBuildPhase;
			buildActionMask = 2147483647;
			files = (
				D0438CE11BD6BA8600DCE3A6 /* Deck.swift in Sources */,
				D0438CCC1BD6BA1100DCE3A6 /* ViewController.swift in Sources */,
				D0438CCA1BD6BA1100DCE3A6 /* AppDelegate.swift in Sources */,
			);
			runOnlyForDeploymentPostprocessing = 0;
		};
/* End PBXSourcesBuildPhase section */

/* Begin PBXVariantGroup section */
		D0438CCD1BD6BA1100DCE3A6 /* Main.storyboard */ = {
			isa = PBXVariantGroup;
			children = (
				D0438CCE1BD6BA1100DCE3A6 /* Base */,
			);
			name = Main.storyboard;
			sourceTree = "<group>";
		};
		D0438CD21BD6BA1100DCE3A6 /* LaunchScreen.storyboard */ = {
			isa = PBXVariantGroup;
			children = (
				D0438CD31BD6BA1100DCE3A6 /* Base */,
			);
			name = LaunchScreen.storyboard;
			sourceTree = "<group>";
		};
/* End PBXVariantGroup section */

/* Begin XCBuildConfiguration section */
		D0438CD61BD6BA1100DCE3A6 /* Debug */ = {
			isa = XCBuildConfiguration;
			buildSettings = {
				ALWAYS_SEARCH_USER_PATHS = NO;
				CLANG_CXX_LANGUAGE_STANDARD = "gnu++0x";
				CLANG_CXX_LIBRARY = "libc++";
				CLANG_ENABLE_MODULES = YES;
				CLANG_ENABLE_OBJC_ARC = YES;
				CLANG_WARN_BOOL_CONVERSION = YES;
				CLANG_WARN_CONSTANT_CONVERSION = YES;
				CLANG_WARN_DIRECT_OBJC_ISA_USAGE = YES_ERROR;
				CLANG_WARN_EMPTY_BODY = YES;
				CLANG_WARN_ENUM_CONVERSION = YES;
				CLANG_WARN_INT_CONVERSION = YES;
				CLANG_WARN_OBJC_ROOT_CLASS = YES_ERROR;
				CLANG_WARN_UNREACHABLE_CODE = YES;
				CLANG_WARN__DUPLICATE_METHOD_MATCH = YES;
				"CODE_SIGN_IDENTITY[sdk=iphoneos*]" = "iPhone Developer";
				COPY_PHASE_STRIP = NO;
				DEBUG_INFORMATION_FORMAT = dwarf;
				ENABLE_STRICT_OBJC_MSGSEND = YES;
				ENABLE_TESTABILITY = YES;
				GCC_C_LANGUAGE_STANDARD = gnu99;
				GCC_DYNAMIC_NO_PIC = NO;
				GCC_NO_COMMON_BLOCKS = YES;
				GCC_OPTIMIZATION_LEVEL = 0;
				GCC_PREPROCESSOR_DEFINITIONS = (
					"DEBUG=1",
					"$(inherited)",
				);
				GCC_WARN_64_TO_32_BIT_CONVERSION = YES;
				GCC_WARN_ABOUT_RETURN_TYPE = YES_ERROR;
				GCC_WARN_UNDECLARED_SELECTOR = YES;
				GCC_WARN_UNINITIALIZED_AUTOS = YES_AGGRESSIVE;
				GCC_WARN_UNUSED_FUNCTION = YES;
				GCC_WARN_UNUSED_VARIABLE = YES;
				IPHONEOS_DEPLOYMENT_TARGET = 9.0;
				MTL_ENABLE_DEBUG_INFO = YES;
				ONLY_ACTIVE_ARCH = YES;
				SDKROOT = iphoneos;
				SWIFT_OPTIMIZATION_LEVEL = "-Onone";
				TARGETED_DEVICE_FAMILY = "1,2";
			};
			name = Debug;
		};
		D0438CD71BD6BA1100DCE3A6 /* Release */ = {
			isa = XCBuildConfiguration;
			buildSettings = {
				ALWAYS_SEARCH_USER_PATHS = NO;
				CLANG_CXX_LANGUAGE_STANDARD = "gnu++0x";
				CLANG_CXX_LIBRARY = "libc++";
				CLANG_ENABLE_MODULES = YES;
				CLANG_ENABLE_OBJC_ARC = YES;
				CLANG_WARN_BOOL_CONVERSION = YES;
				CLANG_WARN_CONSTANT_CONVERSION = YES;
				CLANG_WARN_DIRECT_OBJC_ISA_USAGE = YES_ERROR;
				CLANG_WARN_EMPTY_BODY = YES;
				CLANG_WARN_ENUM_CONVERSION = YES;
				CLANG_WARN_INT_CONVERSION = YES;
				CLANG_WARN_OBJC_ROOT_CLASS = YES_ERROR;
				CLANG_WARN_UNREACHABLE_CODE = YES;
				CLANG_WARN__DUPLICATE_METHOD_MATCH = YES;
				"CODE_SIGN_IDENTITY[sdk=iphoneos*]" = "iPhone Developer";
				COPY_PHASE_STRIP = NO;
				DEBUG_INFORMATION_FORMAT = "dwarf-with-dsym";
				ENABLE_NS_ASSERTIONS = NO;
				ENABLE_STRICT_OBJC_MSGSEND = YES;
				GCC_C_LANGUAGE_STANDARD = gnu99;
				GCC_NO_COMMON_BLOCKS = YES;
				GCC_WARN_64_TO_32_BIT_CONVERSION = YES;
				GCC_WARN_ABOUT_RETURN_TYPE = YES_ERROR;
				GCC_WARN_UNDECLARED_SELECTOR = YES;
				GCC_WARN_UNINITIALIZED_AUTOS = YES_AGGRESSIVE;
				GCC_WARN_UNUSED_FUNCTION = YES;
				GCC_WARN_UNUSED_VARIABLE = YES;
				IPHONEOS_DEPLOYMENT_TARGET = 9.0;
				MTL_ENABLE_DEBUG_INFO = NO;
				SDKROOT = iphoneos;
				TARGETED_DEVICE_FAMILY = "1,2";
				VALIDATE_PRODUCT = YES;
			};
			name = Release;
		};
		D0438CD91BD6BA1100DCE3A6 /* Debug */ = {
			isa = XCBuildConfiguration;
			buildSettings = {
				ASSETCATALOG_COMPILER_APPICON_NAME = AppIcon;
				INFOPLIST_FILE = Range/Info.plist;
				LD_RUNPATH_SEARCH_PATHS = "$(inherited) @executable_path/Frameworks";
				PRODUCT_BUNDLE_IDENTIFIER = justinferre.Range;
				PRODUCT_NAME = "$(TARGET_NAME)";
			};
			name = Debug;
		};
		D0438CDA1BD6BA1100DCE3A6 /* Release */ = {
			isa = XCBuildConfiguration;
			buildSettings = {
				ASSETCATALOG_COMPILER_APPICON_NAME = AppIcon;
				INFOPLIST_FILE = Range/Info.plist;
				LD_RUNPATH_SEARCH_PATHS = "$(inherited) @executable_path/Frameworks";
				PRODUCT_BUNDLE_IDENTIFIER = justinferre.Range;
				PRODUCT_NAME = "$(TARGET_NAME)";
			};
			name = Release;
		};
/* End XCBuildConfiguration section */

/* Begin XCConfigurationList section */
		D0438CC11BD6BA1100DCE3A6 /* Build configuration list for PBXProject "Range" */ = {
			isa = XCConfigurationList;
			buildConfigurations = (
				D0438CD61BD6BA1100DCE3A6 /* Debug */,
				D0438CD71BD6BA1100DCE3A6 /* Release */,
			);
			defaultConfigurationIsVisible = 0;
			defaultConfigurationName = Release;
		};
		D0438CD81BD6BA1100DCE3A6 /* Build configuration list for PBXNativeTarget "Range" */ = {
			isa = XCConfigurationList;
			buildConfigurations = (
				D0438CD91BD6BA1100DCE3A6 /* Debug */,
				D0438CDA1BD6BA1100DCE3A6 /* Release */,
			);
			defaultConfigurationIsVisible = 0;
		};
/* End XCConfigurationList section */
	};
	rootObject = D0438CBE1BD6BA1100DCE3A6 /* Project object */;
}
